
Microsoft Visual Studio Solution File, Format Version 12.00
# Visual Studio Version 16
VisualStudioVersion = 16.0.30621.155
MinimumVisualStudioVersion = 10.0.40219.1
Project("{FAE04EC0-301F-11D3-BF4B-00C04F79EFBC}") = "Major_project", "Major_project.csproj", "{F1A8112F-CC84-4788-B8AF-29B270C73252}"
EndProject
Global
	GlobalSection(SolutionConfigurationPlatforms) = preSolution
		Debug|Any CPU = Debug|Any CPU
		Release|Any CPU = Release|Any CPU
	EndGlobalSection
	GlobalSection(ProjectConfigurationPlatforms) = postSolution
		{F1A8112F-CC84-4788-B8AF-29B270C73252}.Debug|Any CPU.ActiveCfg = Debug|Any CPU
		{F1A8112F-CC84-4788-B8AF-29B270C73252}.Debug|Any CPU.Build.0 = Debug|Any CPU
		{F1A8112F-CC84-4788-B8AF-29B270C73252}.Release|Any CPU.ActiveCfg = Release|Any CPU
		{F1A8112F-CC84-4788-B8AF-29B270C73252}.Release|Any CPU.Build.0 = Release|Any CPU
	EndGlobalSection
	GlobalSection(SolutionProperties) = preSolution
		HideSolutionNode = FALSE
	EndGlobalSection
	GlobalSection(ExtensibilityGlobals) = postSolution
		SolutionGuid = {50B58A25-DEB2-494D-8F87-A49EFA4B1C6E}
	EndGlobalSection
EndGlobal
